
Microsoft Visual Studio Solution File, Format Version 12.00
Project("{FAE04EC0-301F-11D3-BF4B-00C04F79EFBC}") = "CCNAssignment2Client", "CCNAssignment2Client\CCNAssignment2Client.csproj", "{B183A044-6F4D-4FD3-9E02-F665C475261B}"
EndProject
Project("{FAE04EC0-301F-11D3-BF4B-00C04F79EFBC}") = "CCNAssignment2Server", "CCNAssignment2Server\CCNAssignment2Server.csproj", "{A86B12A3-5F48-4ABE-88F7-529618960FB7}"
EndProject
Project("{FAE04EC0-301F-11D3-BF4B-00C04F79EFBC}") = "EntityLayer", "EntityLayer\EntityLayer.csproj", "{4D36D1EE-F680-4CF3-B434-F94B9D70D87F}"
EndProject
Global
	GlobalSection(SolutionConfigurationPlatforms) = preSolution
		Debug|Any CPU = Debug|Any CPU
		Release|Any CPU = Release|Any CPU
	EndGlobalSection
	GlobalSection(ProjectConfigurationPlatforms) = postSolution
		{B183A044-6F4D-4FD3-9E02-F665C475261B}.Debug|Any CPU.ActiveCfg = Debug|Any CPU
		{B183A044-6F4D-4FD3-9E02-F665C475261B}.Debug|Any CPU.Build.0 = Debug|Any CPU
		{B183A044-6F4D-4FD3-9E02-F665C475261B}.Release|Any CPU.ActiveCfg = Release|Any CPU
		{B183A044-6F4D-4FD3-9E02-F665C475261B}.Release|Any CPU.Build.0 = Release|Any CPU
		{A86B12A3-5F48-4ABE-88F7-529618960FB7}.Debug|Any CPU.ActiveCfg = Debug|Any CPU
		{A86B12A3-5F48-4ABE-88F7-529618960FB7}.Debug|Any CPU.Build.0 = Debug|Any CPU
		{A86B12A3-5F48-4ABE-88F7-529618960FB7}.Release|Any CPU.ActiveCfg = Release|Any CPU
		{A86B12A3-5F48-4ABE-88F7-529618960FB7}.Release|Any CPU.Build.0 = Release|Any CPU
		{4D36D1EE-F680-4CF3-B434-F94B9D70D87F}.Debug|Any CPU.ActiveCfg = Debug|Any CPU
		{4D36D1EE-F680-4CF3-B434-F94B9D70D87F}.Debug|Any CPU.Build.0 = Debug|Any CPU
		{4D36D1EE-F680-4CF3-B434-F94B9D70D87F}.Release|Any CPU.ActiveCfg = Release|Any CPU
		{4D36D1EE-F680-4CF3-B434-F94B9D70D87F}.Release|Any CPU.Build.0 = Release|Any CPU
	EndGlobalSection
EndGlobal
